// !$*UTF8*$!
{
	archiveVersion = 1;
	classes = {
	};
	objectVersion = 46;
	objects = {

/* Begin PBXBuildFile section */
		7F1703C719218124001F289D /* Foundation.framework in Frameworks */ = {isa = PBXBuildFile; fileRef = 7F1703C619218124001F289D /* Foundation.framework */; };
		7F1703C919218124001F289D /* CoreGraphics.framework in Frameworks */ = {isa = PBXBuildFile; fileRef = 7F1703C819218124001F289D /* CoreGraphics.framework */; };
		7F1703CB19218124001F289D /* UIKit.framework in Frameworks */ = {isa = PBXBuildFile; fileRef = 7F1703CA19218124001F289D /* UIKit.framework */; };
		7F1703D119218124001F289D /* InfoPlist.strings in Resources */ = {isa = PBXBuildFile; fileRef = 7F1703CF19218124001F289D /* InfoPlist.strings */; };
		7F1703D319218124001F289D /* main.m in Sources */ = {isa = PBXBuildFile; fileRef = 7F1703D219218124001F289D /* main.m */; };
		7F1703D719218124001F289D /* AppDelegate.m in Sources */ = {isa = PBXBuildFile; fileRef = 7F1703D619218124001F289D /* AppDelegate.m */; };
		7F1703DA19218124001F289D /* Main.storyboard in Resources */ = {isa = PBXBuildFile; fileRef = 7F1703D819218124001F289D /* Main.storyboard */; };
		7F1703DD19218124001F289D /* ViewController.m in Sources */ = {isa = PBXBuildFile; fileRef = 7F1703DC19218124001F289D /* ViewController.m */; };
		7F1703DF19218124001F289D /* Images.xcassets in Resources */ = {isa = PBXBuildFile; fileRef = 7F1703DE19218124001F289D /* Images.xcassets */; };
		7F1703E619218124001F289D /* XCTest.framework in Frameworks */ = {isa = PBXBuildFile; fileRef = 7F1703E519218124001F289D /* XCTest.framework */; };
		7F1703E719218124001F289D /* Foundation.framework in Frameworks */ = {isa = PBXBuildFile; fileRef = 7F1703C619218124001F289D /* Foundation.framework */; };
		7F1703E819218124001F289D /* UIKit.framework in Frameworks */ = {isa = PBXBuildFile; fileRef = 7F1703CA19218124001F289D /* UIKit.framework */; };
		7F1703F019218124001F289D /* InfoPlist.strings in Resources */ = {isa = PBXBuildFile; fileRef = 7F1703EE19218124001F289D /* InfoPlist.strings */; };
		7F1703F219218124001F289D /* Example12Tests.m in Sources */ = {isa = PBXBuildFile; fileRef = 7F1703F119218124001F289D /* Example12Tests.m */; };
		7F1703FD19218225001F289D /* first.m in Sources */ = {isa = PBXBuildFile; fileRef = 7F1703FC19218225001F289D /* first.m */; };
/* End PBXBuildFile section */

/* Begin PBXContainerItemProxy section */
		7F1703E919218124001F289D /* PBXContainerItemProxy */ = {
			isa = PBXContainerItemProxy;
			containerPortal = 7F1703BB19218124001F289D /* Project object */;
			proxyType = 1;
			remoteGlobalIDString = 7F1703C219218124001F289D;
			remoteInfo = Example12;
		};
/* End PBXContainerItemProxy section */

/* Begin PBXFileReference section */
		7F1703C319218124001F289D /* Example12.app */ = {isa = PBXFileReference; explicitFileType = wrapper.application; includeInIndex = 0; path = Example12.app; sourceTree = BUILT_PRODUCTS_DIR; };
		7F1703C619218124001F289D /* Foundation.framework */ = {isa = PBXFileReference; lastKnownFileType = wrapper.framework; name = Foundation.framework; path = System/Library/Frameworks/Foundation.framework; sourceTree = SDKROOT; };
		7F1703C819218124001F289D /* CoreGraphics.framework */ = {isa = PBXFileReference; lastKnownFileType = wrapper.framework; name = CoreGraphics.framework; path = System/Library/Frameworks/CoreGraphics.framework; sourceTree = SDKROOT; };
		7F1703CA19218124001F289D /* UIKit.framework */ = {isa = PBXFileReference; lastKnownFileType = wrapper.framework; name = UIKit.framework; path = System/Library/Frameworks/UIKit.framework; sourceTree = SDKROOT; };
		7F1703CE19218124001F289D /* Example12-Info.plist */ = {isa = PBXFileReference; lastKnownFileType = text.plist.xml; path = "Example12-Info.plist"; sourceTree = "<group>"; };
		7F1703D019218124001F289D /* en */ = {isa = PBXFileReference; lastKnownFileType = text.plist.strings; name = en; path = en.lproj/InfoPlist.strings; sourceTree = "<group>"; };
		7F1703D219218124001F289D /* main.m */ = {isa = PBXFileReference; lastKnownFileType = sourcecode.c.objc; path = main.m; sourceTree = "<group>"; };
		7F1703D419218124001F289D /* Example12-Prefix.pch */ = {isa = PBXFileReference; lastKnownFileType = sourcecode.c.h; path = "Example12-Prefix.pch"; sourceTree = "<group>"; };
		7F1703D519218124001F289D /* AppDelegate.h */ = {isa = PBXFileReference; lastKnownFileType = sourcecode.c.h; path = AppDelegate.h; sourceTree = "<group>"; };
		7F1703D619218124001F289D /* AppDelegate.m */ = {isa = PBXFileReference; lastKnownFileType = sourcecode.c.objc; path = AppDelegate.m; sourceTree = "<group>"; };
		7F1703D919218124001F289D /* Base */ = {isa = PBXFileReference; lastKnownFileType = file.storyboard; name = Base; path = Base.lproj/Main.storyboard; sourceTree = "<group>"; };
		7F1703DB19218124001F289D /* ViewController.h */ = {isa = PBXFileReference; lastKnownFileType = sourcecode.c.h; path = ViewController.h; sourceTree = "<group>"; };
		7F1703DC19218124001F289D /* ViewController.m */ = {isa = PBXFileReference; lastKnownFileType = sourcecode.c.objc; path = ViewController.m; sourceTree = "<group>"; };
		7F1703DE19218124001F289D /* Images.xcassets */ = {isa = PBXFileReference; lastKnownFileType = folder.assetcatalog; path = Images.xcassets; sourceTree = "<group>"; };
		7F1703E419218124001F289D /* Example12Tests.xctest */ = {isa = PBXFileReference; explicitFileType = wrapper.cfbundle; includeInIndex = 0; path = Example12Tests.xctest; sourceTree = BUILT_PRODUCTS_DIR; };
		7F1703E519218124001F289D /* XCTest.framework */ = {isa = PBXFileReference; lastKnownFileType = wrapper.framework; name = XCTest.framework; path = Library/Frameworks/XCTest.framework; sourceTree = DEVELOPER_DIR; };
		7F1703ED19218124001F289D /* Example12Tests-Info.plist */ = {isa = PBXFileReference; lastKnownFileType = text.plist.xml; path = "Example12Tests-Info.plist"; sourceTree = "<group>"; };
		7F1703EF19218124001F289D /* en */ = {isa = PBXFileReference; lastKnownFileType = text.plist.strings; name = en; path = en.lproj/InfoPlist.strings; sourceTree = "<group>"; };
		7F1703F119218124001F289D /* Example12Tests.m */ = {isa = PBXFileReference; lastKnownFileType = sourcecode.c.objc; path = Example12Tests.m; sourceTree = "<group>"; };
		7F1703FB19218225001F289D /* first.h */ = {isa = PBXFileReference; fileEncoding = 4; lastKnownFileType = sourcecode.c.h; path = first.h; sourceTree = "<group>"; };
		7F1703FC19218225001F289D /* first.m */ = {isa = PBXFileReference; fileEncoding = 4; lastKnownFileType = sourcecode.c.objc; path = first.m; sourceTree = "<group>"; };
/* End PBXFileReference section */

/* Begin PBXFrameworksBuildPhase section */
		7F1703C019218124001F289D /* Frameworks */ = {
			isa = PBXFrameworksBuildPhase;
			buildActionMask = 2147483647;
			files = (
				7F1703C919218124001F289D /* CoreGraphics.framework in Frameworks */,
				7F1703CB19218124001F289D /* UIKit.framework in Frameworks */,
				7F1703C719218124001F289D /* Foundation.framework in Frameworks */,
			);
			runOnlyForDeploymentPostprocessing = 0;
		};
		7F1703E119218124001F289D /* Frameworks */ = {
			isa = PBXFrameworksBuildPhase;
			buildActionMask = 2147483647;
			files = (
				7F1703E619218124001F289D /* XCTest.framework in Frameworks */,
				7F1703E819218124001F289D /* UIKit.framework in Frameworks */,
				7F1703E719218124001F289D /* Foundation.framework in Frameworks */,
			);
			runOnlyForDeploymentPostprocessing = 0;
		};
/* End PBXFrameworksBuildPhase section */

/* Begin PBXGroup section */
		7F1703BA19218124001F289D = {
			isa = PBXGroup;
			children = (
				7F1703FB19218225001F289D /* first.h */,
				7F1703FC19218225001F289D /* first.m */,
				7F1703CC19218124001F289D /* Example12 */,
				7F1703EB19218124001F289D /* Example12Tests */,
				7F1703C519218124001F289D /* Frameworks */,
				7F1703C419218124001F289D /* Products */,
			);
			sourceTree = "<group>";
		};
		7F1703C419218124001F289D /* Products */ = {
			isa = PBXGroup;
			children = (
				7F1703C319218124001F289D /* Example12.app */,
				7F1703E419218124001F289D /* Example12Tests.xctest */,
			);
			name = Products;
			sourceTree = "<group>";
		};
		7F1703C519218124001F289D /* Frameworks */ = {
			isa = PBXGroup;
			children = (
				7F1703C619218124001F289D /* Foundation.framework */,
				7F1703C819218124001F289D /* CoreGraphics.framework */,
				7F1703CA19218124001F289D /* UIKit.framework */,
				7F1703E519218124001F289D /* XCTest.framework */,
			);
			name = Frameworks;
			sourceTree = "<group>";
		};
		7F1703CC19218124001F289D /* Example12 */ = {
			isa = PBXGroup;
			children = (
				7F1703D519218124001F289D /* AppDelegate.h */,
				7F1703D619218124001F289D /* AppDelegate.m */,
				7F1703D819218124001F289D /* Main.storyboard */,
				7F1703DB19218124001F289D /* ViewController.h */,
				7F1703DC19218124001F289D /* ViewController.m */,
				7F1703DE19218124001F289D /* Images.xcassets */,
				7F1703CD19218124001F289D /* Supporting Files */,
			);
			path = Example12;
			sourceTree = "<group>";
		};
		7F1703CD19218124001F289D /* Supporting Files */ = {
			isa = PBXGroup;
			children = (
				7F1703CE19218124001F289D /* Example12-Info.plist */,
				7F1703CF19218124001F289D /* InfoPlist.strings */,
				7F1703D219218124001F289D /* main.m */,
				7F1703D419218124001F289D /* Example12-Prefix.pch */,
			);
			name = "Supporting Files";
			sourceTree = "<group>";
		};
		7F1703EB19218124001F289D /* Example12Tests */ = {
			isa = PBXGroup;
			children = (
				7F1703F119218124001F289D /* Example12Tests.m */,
				7F1703EC19218124001F289D /* Supporting Files */,
			);
			path = Example12Tests;
			sourceTree = "<group>";
		};
		7F1703EC19218124001F289D /* Supporting Files */ = {
			isa = PBXGroup;
			children = (
				7F1703ED19218124001F289D /* Example12Tests-Info.plist */,
				7F1703EE19218124001F289D /* InfoPlist.strings */,
			);
			name = "Supporting Files";
			sourceTree = "<group>";
		};
/* End PBXGroup section */

/* Begin PBXNativeTarget section */
		7F1703C219218124001F289D /* Example12 */ = {
			isa = PBXNativeTarget;
			buildConfigurationList = 7F1703F519218124001F289D /* Build configuration list for PBXNativeTarget "Example12" */;
			buildPhases = (
				7F1703BF19218124001F289D /* Sources */,
				7F1703C019218124001F289D /* Frameworks */,
				7F1703C119218124001F289D /* Resources */,
			);
			buildRules = (
			);
			dependencies = (
			);
			name = Example12;
			productName = Example12;
			productReference = 7F1703C319218124001F289D /* Example12.app */;
			productType = "com.apple.product-type.application";
		};
		7F1703E319218124001F289D /* Example12Tests */ = {
			isa = PBXNativeTarget;
			buildConfigurationList = 7F1703F819218124001F289D /* Build configuration list for PBXNativeTarget "Example12Tests" */;
			buildPhases = (
				7F1703E019218124001F289D /* Sources */,
				7F1703E119218124001F289D /* Frameworks */,
				7F1703E219218124001F289D /* Resources */,
			);
			buildRules = (
			);
			dependencies = (
				7F1703EA19218124001F289D /* PBXTargetDependency */,
			);
			name = Example12Tests;
			productName = Example12Tests;
			productReference = 7F1703E419218124001F289D /* Example12Tests.xctest */;
			productType = "com.apple.product-type.bundle.unit-test";
		};
/* End PBXNativeTarget section */

/* Begin PBXProject section */
		7F1703BB19218124001F289D /* Project object */ = {
			isa = PBXProject;
			attributes = {
				LastUpgradeCheck = 0510;
				ORGANIZATIONNAME = cestar;
				TargetAttributes = {
					7F1703E319218124001F289D = {
						TestTargetID = 7F1703C219218124001F289D;
					};
				};
			};
			buildConfigurationList = 7F1703BE19218124001F289D /* Build configuration list for PBXProject "Example12" */;
			compatibilityVersion = "Xcode 3.2";
			developmentRegion = English;
			hasScannedForEncodings = 0;
			knownRegions = (
				en,
				Base,
			);
			mainGroup = 7F1703BA19218124001F289D;
			productRefGroup = 7F1703C419218124001F289D /* Products */;
			projectDirPath = "";
			projectRoot = "";
			targets = (
				7F1703C219218124001F289D /* Example12 */,
				7F1703E319218124001F289D /* Example12Tests */,
			);
		};
/* End PBXProject section */

/* Begin PBXResourcesBuildPhase section */
		7F1703C119218124001F289D /* Resources */ = {
			isa = PBXResourcesBuildPhase;
			buildActionMask = 2147483647;
			files = (
				7F1703DF19218124001F289D /* Images.xcassets in Resources */,
				7F1703D119218124001F289D /* InfoPlist.strings in Resources */,
				7F1703DA19218124001F289D /* Main.storyboard in Resources */,
			);
			runOnlyForDeploymentPostprocessing = 0;
		};
		7F1703E219218124001F289D /* Resources */ = {
			isa = PBXResourcesBuildPhase;
			buildActionMask = 2147483647;
			files = (
				7F1703F019218124001F289D /* InfoPlist.strings in Resources */,
			);
			runOnlyForDeploymentPostprocessing = 0;
		};
/* End PBXResourcesBuildPhase section */

/* Begin PBXSourcesBuildPhase section */
		7F1703BF19218124001F289D /* Sources */ = {
			isa = PBXSourcesBuildPhase;
			buildActionMask = 2147483647;
			files = (
				7F1703DD19218124001F289D /* ViewController.m in Sources */,
				7F1703D719218124001F289D /* AppDelegate.m in Sources */,
				7F1703FD19218225001F289D /* first.m in Sources */,
				7F1703D319218124001F289D /* main.m in Sources */,
			);
			runOnlyForDeploymentPostprocessing = 0;
		};
		7F1703E019218124001F289D /* Sources */ = {
			isa = PBXSourcesBuildPhase;
			buildActionMask = 2147483647;
			files = (
				7F1703F219218124001F289D /* Example12Tests.m in Sources */,
			);
			runOnlyForDeploymentPostprocessing = 0;
		};
/* End PBXSourcesBuildPhase section */

/* Begin PBXTargetDependency section */
		7F1703EA19218124001F289D /* PBXTargetDependency */ = {
			isa = PBXTargetDependency;
			target = 7F1703C219218124001F289D /* Example12 */;
			targetProxy = 7F1703E919218124001F289D /* PBXContainerItemProxy */;
		};
/* End PBXTargetDependency section */

/* Begin PBXVariantGroup section */
		7F1703CF19218124001F289D /* InfoPlist.strings */ = {
			isa = PBXVariantGroup;
			children = (
				7F1703D019218124001F289D /* en */,
			);
			name = InfoPlist.strings;
			sourceTree = "<group>";
		};
		7F1703D819218124001F289D /* Main.storyboard */ = {
			isa = PBXVariantGroup;
			children = (
				7F1703D919218124001F289D /* Base */,
			);
			name = Main.storyboard;
			sourceTree = "<group>";
		};
		7F1703EE19218124001F289D /* InfoPlist.strings */ = {
			isa = PBXVariantGroup;
			children = (
				7F1703EF19218124001F289D /* en */,
			);
			name = InfoPlist.strings;
			sourceTree = "<group>";
		};
/* End PBXVariantGroup section */

/* Begin XCBuildConfiguration section */
		7F1703F319218124001F289D /* Debug */ = {
			isa = XCBuildConfiguration;
			buildSettings = {
				ALWAYS_SEARCH_USER_PATHS = NO;
				CLANG_CXX_LANGUAGE_STANDARD = "gnu++0x";
				CLANG_CXX_LIBRARY = "libc++";
				CLANG_ENABLE_MODULES = YES;
				CLANG_ENABLE_OBJC_ARC = YES;
				CLANG_WARN_BOOL_CONVERSION = YES;
				CLANG_WARN_CONSTANT_CONVERSION = YES;
				CLANG_WARN_DIRECT_OBJC_ISA_USAGE = YES_ERROR;
				CLANG_WARN_EMPTY_BODY = YES;
				CLANG_WARN_ENUM_CONVERSION = YES;
				CLANG_WARN_INT_CONVERSION = YES;
				CLANG_WARN_OBJC_ROOT_CLASS = YES_ERROR;
				CLANG_WARN__DUPLICATE_METHOD_MATCH = YES;
				"CODE_SIGN_IDENTITY[sdk=iphoneos*]" = "iPhone Developer";
				COPY_PHASE_STRIP = NO;
				GCC_C_LANGUAGE_STANDARD = gnu99;
				GCC_DYNAMIC_NO_PIC = NO;
				GCC_OPTIMIZATION_LEVEL = 0;
				GCC_PREPROCESSOR_DEFINITIONS = (
					"DEBUG=1",
					"$(inherited)",
				);
				GCC_SYMBOLS_PRIVATE_EXTERN = NO;
				GCC_WARN_64_TO_32_BIT_CONVERSION = YES;
				GCC_WARN_ABOUT_RETURN_TYPE = YES_ERROR;
				GCC_WARN_UNDECLARED_SELECTOR = YES;
				GCC_WARN_UNINITIALIZED_AUTOS = YES_AGGRESSIVE;
				GCC_WARN_UNUSED_FUNCTION = YES;
				GCC_WARN_UNUSED_VARIABLE = YES;
				IPHONEOS_DEPLOYMENT_TARGET = 7.1;
				ONLY_ACTIVE_ARCH = YES;
				SDKROOT = iphoneos;
			};
			name = Debug;
		};
		7F1703F419218124001F289D /* Release */ = {
			isa = XCBuildConfiguration;
			buildSettings = {
				ALWAYS_SEARCH_USER_PATHS = NO;
				CLANG_CXX_LANGUAGE_STANDARD = "gnu++0x";
				CLANG_CXX_LIBRARY = "libc++";
				CLANG_ENABLE_MODULES = YES;
				CLANG_ENABLE_OBJC_ARC = YES;
				CLANG_WARN_BOOL_CONVERSION = YES;
				CLANG_WARN_CONSTANT_CONVERSION = YES;
				CLANG_WARN_DIRECT_OBJC_ISA_USAGE = YES_ERROR;
				CLANG_WARN_EMPTY_BODY = YES;
				CLANG_WARN_ENUM_CONVERSION = YES;
				CLANG_WARN_INT_CONVERSION = YES;
				CLANG_WARN_OBJC_ROOT_CLASS = YES_ERROR;
				CLANG_WARN__DUPLICATE_METHOD_MATCH = YES;
				"CODE_SIGN_IDENTITY[sdk=iphoneos*]" = "iPhone Developer";
				COPY_PHASE_STRIP = YES;
				ENABLE_NS_ASSERTIONS = NO;
				GCC_C_LANGUAGE_STANDARD = gnu99;
				GCC_WARN_64_TO_32_BIT_CONVERSION = YES;
				GCC_WARN_ABOUT_RETURN_TYPE = YES_ERROR;
				GCC_WARN_UNDECLARED_SELECTOR = YES;
				GCC_WARN_UNINITIALIZED_AUTOS = YES_AGGRESSIVE;
				GCC_WARN_UNUSED_FUNCTION = YES;
				GCC_WARN_UNUSED_VARIABLE = YES;
				IPHONEOS_DEPLOYMENT_TARGET = 7.1;
				SDKROOT = iphoneos;
				VALIDATE_PRODUCT = YES;
			};
			name = Release;
		};
		7F1703F619218124001F289D /* Debug */ = {
			isa = XCBuildConfiguration;
			buildSettings = {
				ASSETCATALOG_COMPILER_APPICON_NAME = AppIcon;
				ASSETCATALOG_COMPILER_LAUNCHIMAGE_NAME = LaunchImage;
				GCC_PRECOMPILE_PREFIX_HEADER = YES;
				GCC_PREFIX_HEADER = "Example12/Example12-Prefix.pch";
				INFOPLIST_FILE = "Example12/Example12-Info.plist";
				PRODUCT_NAME = "$(TARGET_NAME)";
				WRAPPER_EXTENSION = app;
			};
			name = Debug;
		};
		7F1703F719218124001F289D /* Release */ = {
			isa = XCBuildConfiguration;
			buildSettings = {
				ASSETCATALOG_COMPILER_APPICON_NAME = AppIcon;
				ASSETCATALOG_COMPILER_LAUNCHIMAGE_NAME = LaunchImage;
				GCC_PRECOMPILE_PREFIX_HEADER = YES;
				GCC_PREFIX_HEADER = "Example12/Example12-Prefix.pch";
				INFOPLIST_FILE = "Example12/Example12-Info.plist";
				PRODUCT_NAME = "$(TARGET_NAME)";
				WRAPPER_EXTENSION = app;
			};
			name = Release;
		};
		7F1703F919218124001F289D /* Debug */ = {
			isa = XCBuildConfiguration;
			buildSettings = {
				BUNDLE_LOADER = "$(BUILT_PRODUCTS_DIR)/Example12.app/Example12";
				FRAMEWORK_SEARCH_PATHS = (
					"$(SDKROOT)/Developer/Library/Frameworks",
					"$(inherited)",
					"$(DEVELOPER_FRAMEWORKS_DIR)",
				);
				GCC_PRECOMPILE_PREFIX_HEADER = YES;
				GCC_PREFIX_HEADER = "Example12/Example12-Prefix.pch";
				GCC_PREPROCESSOR_DEFINITIONS = (
					"DEBUG=1",
					"$(inherited)",
				);
				INFOPLIST_FILE = "Example12Tests/Example12Tests-Info.plist";
				PRODUCT_NAME = "$(TARGET_NAME)";
				TEST_HOST = "$(BUNDLE_LOADER)";
				WRAPPER_EXTENSION = xctest;
			};
			name = Debug;
		};
		7F1703FA19218124001F289D /* Release */ = {
			isa = XCBuildConfiguration;
			buildSettings = {
				BUNDLE_LOADER = "$(BUILT_PRODUCTS_DIR)/Example12.app/Example12";
				FRAMEWORK_SEARCH_PATHS = (
					"$(SDKROOT)/Developer/Library/Frameworks",
					"$(inherited)",
					"$(DEVELOPER_FRAMEWORKS_DIR)",
				);
				GCC_PRECOMPILE_PREFIX_HEADER = YES;
				GCC_PREFIX_HEADER = "Example12/Example12-Prefix.pch";
				INFOPLIST_FILE = "Example12Tests/Example12Tests-Info.plist";
				PRODUCT_NAME = "$(TARGET_NAME)";
				TEST_HOST = "$(BUNDLE_LOADER)";
				WRAPPER_EXTENSION = xctest;
			};
			name = Release;
		};
/* End XCBuildConfiguration section */

/* Begin XCConfigurationList section */
		7F1703BE19218124001F289D /* Build configuration list for PBXProject "Example12" */ = {
			isa = XCConfigurationList;
			buildConfigurations = (
				7F1703F319218124001F289D /* Debug */,
				7F1703F419218124001F289D /* Release */,
			);
			defaultConfigurationIsVisible = 0;
			defaultConfigurationName = Release;
		};
		7F1703F519218124001F289D /* Build configuration list for PBXNativeTarget "Example12" */ = {
			isa = XCConfigurationList;
			buildConfigurations = (
				7F1703F619218124001F289D /* Debug */,
				7F1703F719218124001F289D /* Release */,
			);
			defaultConfigurationIsVisible = 0;
		};
		7F1703F819218124001F289D /* Build configuration list for PBXNativeTarget "Example12Tests" */ = {
			isa = XCConfigurationList;
			buildConfigurations = (
				7F1703F919218124001F289D /* Debug */,
				7F1703FA19218124001F289D /* Release */,
			);
			defaultConfigurationIsVisible = 0;
		};
/* End XCConfigurationList section */
	};
	rootObject = 7F1703BB19218124001F289D /* Project object */;
}
